{
  "name": "quick-forms",
  "version": "1.0.0",
  "lockfileVersion": 3,
  "requires": true,
  "packages": {
    "": {
      "name": "quick-forms",
      "version": "1.0.0",
      "license": "ISC",
      "dependencies": {
        "react-dom": "^18.2.0",
        "rollup": "^4.10.0"
      },
      "devDependencies": {
        "@types/react": "^18.0.34",
        "react": "^18.2.0",
        "react-dom": "^18.2.0",
        "typescript": "^5.1.6"
      },
      "peerDependencies": {
        "react": "^18.2.0",
        "react-dom": "^18.2.0"
      }
    },
    "node_modules/@rollup/rollup-android-arm-eabi": {
      "version": "4.10.0",
      "resolved": "https://registry.npmjs.org/@rollup/rollup-android-arm-eabi/-/rollup-android-arm-eabi-4.10.0.tgz",
      "integrity": "sha512-/MeDQmcD96nVoRumKUljsYOLqfv1YFJps+0pTrb2Z9Nl/w5qNUysMaWQsrd1mvAlNT4yza1iVyIu4Q4AgF6V3A==",
      "cpu": [
        "arm"
      ],
      "optional": true,
      "os": [
        "android"
      ]
    },
    "node_modules/@rollup/rollup-android-arm64": {
      "version": "4.10.0",
      "resolved": "https://registry.npmjs.org/@rollup/rollup-android-arm64/-/rollup-android-arm64-4.10.0.tgz",
      "integrity": "sha512-lvu0jK97mZDJdpZKDnZI93I0Om8lSDaiPx3OiCk0RXn3E8CMPJNS/wxjAvSJJzhhZpfjXsjLWL8LnS6qET4VNQ==",
      "cpu": [
        "arm64"
      ],
      "optional": true,
      "os": [
        "android"
      ]
    },
    "node_modules/@rollup/rollup-darwin-arm64": {
      "version": "4.10.0",
      "resolved": "https://registry.npmjs.org/@rollup/rollup-darwin-arm64/-/rollup-darwin-arm64-4.10.0.tgz",
      "integrity": "sha512-uFpayx8I8tyOvDkD7X6n0PriDRWxcqEjqgtlxnUA/G9oS93ur9aZ8c8BEpzFmsed1TH5WZNG5IONB8IiW90TQg==",
      "cpu": [
        "arm64"
      ],
      "optional": true,
      "os": [
        "darwin"
      ]
    },
    "node_modules/@rollup/rollup-darwin-x64": {
      "version": "4.10.0",
      "resolved": "https://registry.npmjs.org/@rollup/rollup-darwin-x64/-/rollup-darwin-x64-4.10.0.tgz",
      "integrity": "sha512-nIdCX03qFKoR/MwQegQBK+qZoSpO3LESurVAC6s6jazLA1Mpmgzo3Nj3H1vydXp/JM29bkCiuF7tDuToj4+U9Q==",
      "cpu": [
        "x64"
      ],
      "optional": true,
      "os": [
        "darwin"
      ]
    },
    "node_modules/@rollup/rollup-linux-arm-gnueabihf": {
      "version": "4.10.0",
      "resolved": "https://registry.npmjs.org/@rollup/rollup-linux-arm-gnueabihf/-/rollup-linux-arm-gnueabihf-4.10.0.tgz",
      "integrity": "sha512-Fz7a+y5sYhYZMQFRkOyCs4PLhICAnxRX/GnWYReaAoruUzuRtcf+Qnw+T0CoAWbHCuz2gBUwmWnUgQ67fb3FYw==",
      "cpu": [
        "arm"
      ],
      "optional": true,
      "os": [
        "linux"
      ]
    },
    "node_modules/@rollup/rollup-linux-arm64-gnu": {
      "version": "4.10.0",
      "resolved": "https://registry.npmjs.org/@rollup/rollup-linux-arm64-gnu/-/rollup-linux-arm64-gnu-4.10.0.tgz",
      "integrity": "sha512-yPtF9jIix88orwfTi0lJiqINnlWo6p93MtZEoaehZnmCzEmLL0eqjA3eGVeyQhMtxdV+Mlsgfwhh0+M/k1/V7Q==",
      "cpu": [
        "arm64"
      ],
      "optional": true,
      "os": [
        "linux"
      ]
    },
    "node_modules/@rollup/rollup-linux-arm64-musl": {
      "version": "4.10.0",
      "resolved": "https://registry.npmjs.org/@rollup/rollup-linux-arm64-musl/-/rollup-linux-arm64-musl-4.10.0.tgz",
      "integrity": "sha512-9GW9yA30ib+vfFiwjX+N7PnjTnCMiUffhWj4vkG4ukYv1kJ4T9gHNg8zw+ChsOccM27G9yXrEtMScf1LaCuoWQ==",
      "cpu": [
        "arm64"
      ],
      "optional": true,
      "os": [
        "linux"
      ]
    },
    "node_modules/@rollup/rollup-linux-riscv64-gnu": {
      "version": "4.10.0",
      "resolved": "https://registry.npmjs.org/@rollup/rollup-linux-riscv64-gnu/-/rollup-linux-riscv64-gnu-4.10.0.tgz",
      "integrity": "sha512-X1ES+V4bMq2ws5fF4zHornxebNxMXye0ZZjUrzOrf7UMx1d6wMQtfcchZ8SqUnQPPHdOyOLW6fTcUiFgHFadRA==",
      "cpu": [
        "riscv64"
      ],
      "optional": true,
      "os": [
        "linux"
      ]
    },
    "node_modules/@rollup/rollup-linux-x64-gnu": {
      "version": "4.10.0",
      "resolved": "https://registry.npmjs.org/@rollup/rollup-linux-x64-gnu/-/rollup-linux-x64-gnu-4.10.0.tgz",
      "integrity": "sha512-w/5OpT2EnI/Xvypw4FIhV34jmNqU5PZjZue2l2Y3ty1Ootm3SqhI+AmfhlUYGBTd9JnpneZCDnt3uNOiOBkMyw==",
      "cpu": [
        "x64"
      ],
      "optional": true,
      "os": [
        "linux"
      ]
    },
    "node_modules/@rollup/rollup-linux-x64-musl": {
      "version": "4.10.0",
      "resolved": "https://registry.npmjs.org/@rollup/rollup-linux-x64-musl/-/rollup-linux-x64-musl-4.10.0.tgz",
      "integrity": "sha512-q/meftEe3QlwQiGYxD9rWwB21DoKQ9Q8wA40of/of6yGHhZuGfZO0c3WYkN9dNlopHlNT3mf5BPsUSxoPuVQaw==",
      "cpu": [
        "x64"
      ],
      "optional": true,
      "os": [
        "linux"
      ]
    },
    "node_modules/@rollup/rollup-win32-arm64-msvc": {
      "version": "4.10.0",
      "resolved": "https://registry.npmjs.org/@rollup/rollup-win32-arm64-msvc/-/rollup-win32-arm64-msvc-4.10.0.tgz",
      "integrity": "sha512-NrR6667wlUfP0BHaEIKgYM/2va+Oj+RjZSASbBMnszM9k+1AmliRjHc3lJIiOehtSSjqYiO7R6KLNrWOX+YNSQ==",
      "cpu": [
        "arm64"
      ],
      "optional": true,
      "os": [
        "win32"
      ]
    },
    "node_modules/@rollup/rollup-win32-ia32-msvc": {
      "version": "4.10.0",
      "resolved": "https://registry.npmjs.org/@rollup/rollup-win32-ia32-msvc/-/rollup-win32-ia32-msvc-4.10.0.tgz",
      "integrity": "sha512-FV0Tpt84LPYDduIDcXvEC7HKtyXxdvhdAOvOeWMWbQNulxViH2O07QXkT/FffX4FqEI02jEbCJbr+YcuKdyyMg==",
      "cpu": [
        "ia32"
      ],
      "optional": true,
      "os": [
        "win32"
      ]
    },
    "node_modules/@rollup/rollup-win32-x64-msvc": {
      "version": "4.10.0",
      "resolved": "https://registry.npmjs.org/@rollup/rollup-win32-x64-msvc/-/rollup-win32-x64-msvc-4.10.0.tgz",
      "integrity": "sha512-OZoJd+o5TaTSQeFFQ6WjFCiltiYVjIdsXxwu/XZ8qRpsvMQr4UsVrE5UyT9RIvsnuF47DqkJKhhVZ2Q9YW9IpQ==",
      "cpu": [
        "x64"
      ],
      "optional": true,
      "os": [
        "win32"
      ]
    },
    "node_modules/@types/estree": {
      "version": "1.0.5",
      "resolved": "https://registry.npmjs.org/@types/estree/-/estree-1.0.5.tgz",
      "integrity": "sha512-/kYRxGDLWzHOB7q+wtSUQlFrtcdUccpfy+X+9iMBpHK8QLLhx2wIPYuS5DYtR9Wa/YlZAbIovy7qVdB1Aq6Lyw=="
    },
    "node_modules/@types/prop-types": {
      "version": "15.7.11",
      "resolved": "https://registry.npmjs.org/@types/prop-types/-/prop-types-15.7.11.tgz",
      "integrity": "sha512-ga8y9v9uyeiLdpKddhxYQkxNDrfvuPrlFb0N1qnZZByvcElJaXthF1UhvCh9TLWJBEHeNtdnbysW7Y6Uq8CVng==",
      "dev": true
    },
    "node_modules/@types/react": {
      "version": "18.2.55",
      "resolved": "https://registry.npmjs.org/@types/react/-/react-18.2.55.tgz",
      "integrity": "sha512-Y2Tz5P4yz23brwm2d7jNon39qoAtMMmalOQv6+fEFt1mT+FcM3D841wDpoUvFXhaYenuROCy3FZYqdTjM7qVyA==",
      "dev": true,
      "dependencies": {
        "@types/prop-types": "*",
        "@types/scheduler": "*",
        "csstype": "^3.0.2"
      }
    },
    "node_modules/@types/scheduler": {
      "version": "0.16.8",
      "resolved": "https://registry.npmjs.org/@types/scheduler/-/scheduler-0.16.8.tgz",
      "integrity": "sha512-WZLiwShhwLRmeV6zH+GkbOFT6Z6VklCItrDioxUnv+u4Ll+8vKeFySoFyK/0ctcRpOmwAicELfmys1sDc/Rw+A==",
      "dev": true
    },
    "node_modules/csstype": {
      "version": "3.1.3",
      "resolved": "https://registry.npmjs.org/csstype/-/csstype-3.1.3.tgz",
      "integrity": "sha512-M1uQkMl8rQK/szD0LNhtqxIPLpimGm8sOBwU7lLnCpSbTyY3yeU1Vc7l4KT5zT4s/yOxHH5O7tIuuLOCnLADRw==",
      "dev": true
    },
    "node_modules/fsevents": {
      "version": "2.3.3",
      "resolved": "https://registry.npmjs.org/fsevents/-/fsevents-2.3.3.tgz",
      "integrity": "sha512-5xoDfX+fL7faATnagmWPpbFtwh/R77WmMMqqHGS65C3vvB0YHrgF+B1YmZ3441tMj5n63k0212XNoJwzlhffQw==",
      "hasInstallScript": true,
      "optional": true,
      "os": [
        "darwin"
      ],
      "engines": {
        "node": "^8.16.0 || ^10.6.0 || >=11.0.0"
      }
    },
    "node_modules/js-tokens": {
      "version": "4.0.0",
      "resolved": "https://registry.npmjs.org/js-tokens/-/js-tokens-4.0.0.tgz",
      "integrity": "sha512-RdJUflcE3cUzKiMqQgsCu06FPu9UdIJO0beYbPhHN4k6apgJtifcoCtT9bcxOpYBtpD2kCM6Sbzg4CausW/PKQ==",
      "dev": true
    },
    "node_modules/loose-envify": {
      "version": "1.4.0",
      "resolved": "https://registry.npmjs.org/loose-envify/-/loose-envify-1.4.0.tgz",
      "integrity": "sha512-lyuxPGr/Wfhrlem2CL/UcnUc1zcqKAImBDzukY7Y5F/yQiNdko6+fRLevlw1HgMySw7f611UIY408EtxRSoK3Q==",
      "dev": true,
      "dependencies": {
        "js-tokens": "^3.0.0 || ^4.0.0"
      },
      "bin": {
        "loose-envify": "cli.js"
      }
    },
    "node_modules/react": {
      "version": "18.2.0",
      "resolved": "https://registry.npmjs.org/react/-/react-18.2.0.tgz",
      "integrity": "sha512-/3IjMdb2L9QbBdWiW5e3P2/npwMBaU9mHCSCUzNln0ZCYbcfTsGbTJrU/kGemdH2IWmB2ioZ+zkxtmq6g09fGQ==",
      "dev": true,
      "dependencies": {
        "loose-envify": "^1.1.0"
      },
      "engines": {
        "node": ">=0.10.0"
      }
    },
    "node_modules/react-dom": {
      "version": "18.2.0",
      "resolved": "https://registry.npmjs.org/react-dom/-/react-dom-18.2.0.tgz",
      "integrity": "sha512-6IMTriUmvsjHUjNtEDudZfuDQUoWXVxKHhlEGSk81n4YFS+r/Kl99wXiwlVXtPBtJenozv2P+hxDsw9eA7Xo6g==",
      "dev": true,
      "dependencies": {
        "loose-envify": "^1.1.0",
        "scheduler": "^0.23.0"
      },
      "peerDependencies": {
        "react": "^18.2.0"
      }
    },
    "node_modules/rollup": {
      "version": "4.10.0",
      "resolved": "https://registry.npmjs.org/rollup/-/rollup-4.10.0.tgz",
      "integrity": "sha512-t2v9G2AKxcQ8yrG+WGxctBes1AomT0M4ND7jTFBCVPXQ/WFTvNSefIrNSmLKhIKBrvN8SG+CZslimJcT3W2u2g==",
      "dependencies": {
        "@types/estree": "1.0.5"
      },
      "bin": {
        "rollup": "dist/bin/rollup"
      },
      "engines": {
        "node": ">=18.0.0",
        "npm": ">=8.0.0"
      },
      "optionalDependencies": {
        "@rollup/rollup-android-arm-eabi": "4.10.0",
        "@rollup/rollup-android-arm64": "4.10.0",
        "@rollup/rollup-darwin-arm64": "4.10.0",
        "@rollup/rollup-darwin-x64": "4.10.0",
        "@rollup/rollup-linux-arm-gnueabihf": "4.10.0",
        "@rollup/rollup-linux-arm64-gnu": "4.10.0",
        "@rollup/rollup-linux-arm64-musl": "4.10.0",
        "@rollup/rollup-linux-riscv64-gnu": "4.10.0",
        "@rollup/rollup-linux-x64-gnu": "4.10.0",
        "@rollup/rollup-linux-x64-musl": "4.10.0",
        "@rollup/rollup-win32-arm64-msvc": "4.10.0",
        "@rollup/rollup-win32-ia32-msvc": "4.10.0",
        "@rollup/rollup-win32-x64-msvc": "4.10.0",
        "fsevents": "~2.3.2"
      }
    },
    "node_modules/scheduler": {
      "version": "0.23.0",
      "resolved": "https://registry.npmjs.org/scheduler/-/scheduler-0.23.0.tgz",
      "integrity": "sha512-CtuThmgHNg7zIZWAXi3AsyIzA3n4xx7aNyjwC2VJldO2LMVDhFK+63xGqq6CsJH4rTAt6/M+N4GhZiDYPx9eUw==",
      "dev": true,
      "dependencies": {
        "loose-envify": "^1.1.0"
      }
    },
    "node_modules/typescript": {
      "version": "5.3.3",
      "resolved": "https://registry.npmjs.org/typescript/-/typescript-5.3.3.tgz",
      "integrity": "sha512-pXWcraxM0uxAS+tN0AG/BF2TyqmHO014Z070UsJ+pFvYuRSq8KH8DmWpnbXe0pEPDHXZV3FcAbJkijJ5oNEnWw==",
      "dev": true,
      "bin": {
        "tsc": "bin/tsc",
        "tsserver": "bin/tsserver"
      },
      "engines": {
        "node": ">=14.17"
      }
    }
  }
}
